
Microsoft Visual Studio Solution File, Format Version 12.00
# Visual Studio Version 17
VisualStudioVersion = 17.5.33516.290
MinimumVisualStudioVersion = 10.0.40219.1
Project("{8BC9CEB8-8B4A-11D0-8D11-00A0C91BC942}") = "Lab5", "Lab5\Lab5.vcxproj", "{0850EDA3-D07D-40BA-B419-4C0888A5BD24}"
EndProject
Global
	GlobalSection(SolutionConfigurationPlatforms) = preSolution
		Debug|x64 = Debug|x64
		Debug|x86 = Debug|x86
		Release|x64 = Release|x64
		Release|x86 = Release|x86
	EndGlobalSection
	GlobalSection(ProjectConfigurationPlatforms) = postSolution
		{0850EDA3-D07D-40BA-B419-4C0888A5BD24}.Debug|x64.ActiveCfg = Debug|x64
		{0850EDA3-D07D-40BA-B419-4C0888A5BD24}.Debug|x64.Build.0 = Debug|x64
		{0850EDA3-D07D-40BA-B419-4C0888A5BD24}.Debug|x86.ActiveCfg = Debug|Win32
		{0850EDA3-D07D-40BA-B419-4C0888A5BD24}.Debug|x86.Build.0 = Debug|Win32
		{0850EDA3-D07D-40BA-B419-4C0888A5BD24}.Release|x64.ActiveCfg = Release|x64
		{0850EDA3-D07D-40BA-B419-4C0888A5BD24}.Release|x64.Build.0 = Release|x64
		{0850EDA3-D07D-40BA-B419-4C0888A5BD24}.Release|x86.ActiveCfg = Release|Win32
		{0850EDA3-D07D-40BA-B419-4C0888A5BD24}.Release|x86.Build.0 = Release|Win32
	EndGlobalSection
	GlobalSection(SolutionProperties) = preSolution
		HideSolutionNode = FALSE
	EndGlobalSection
	GlobalSection(ExtensibilityGlobals) = postSolution
		SolutionGuid = {7F94AB2D-DB35-48B1-919E-5C6F0C938DD2}
	EndGlobalSection
EndGlobal
